// !$*UTF8*$!
{
	archiveVersion = 1;
	classes = {
	};
	objectVersion = 48;
	objects = {

/* Begin PBXBuildFile section */
		2BDC69C9202A047200AF39C0 /* AppDelegate.swift in Sources */ = {isa = PBXBuildFile; fileRef = 2BDC69C8202A047200AF39C0 /* AppDelegate.swift */; };
		2BDC69CB202A047200AF39C0 /* ViewController.swift in Sources */ = {isa = PBXBuildFile; fileRef = 2BDC69CA202A047200AF39C0 /* ViewController.swift */; };
		2BDC69CE202A047200AF39C0 /* Main.storyboard in Resources */ = {isa = PBXBuildFile; fileRef = 2BDC69CC202A047200AF39C0 /* Main.storyboard */; };
		2BDC69D0202A047200AF39C0 /* Assets.xcassets in Resources */ = {isa = PBXBuildFile; fileRef = 2BDC69CF202A047200AF39C0 /* Assets.xcassets */; };
		2BDC69D3202A047200AF39C0 /* LaunchScreen.storyboard in Resources */ = {isa = PBXBuildFile; fileRef = 2BDC69D1202A047200AF39C0 /* LaunchScreen.storyboard */; };
		2BDC69DB202A06BD00AF39C0 /* Сities.plist in Resources */ = {isa = PBXBuildFile; fileRef = 2BDC69DA202A06BD00AF39C0 /* Сities.plist */; };
		2BDC69DD202A09D300AF39C0 /* Lat.plist in Resources */ = {isa = PBXBuildFile; fileRef = 2BDC69DC202A09D300AF39C0 /* Lat.plist */; };
		2BDC69DF202A09EA00AF39C0 /* Lon.plist in Resources */ = {isa = PBXBuildFile; fileRef = 2BDC69DE202A09EA00AF39C0 /* Lon.plist */; };
/* End PBXBuildFile section */

/* Begin PBXFileReference section */
		2BDC69C5202A047200AF39C0 /* Cities map.app */ = {isa = PBXFileReference; explicitFileType = wrapper.application; includeInIndex = 0; path = "Cities map.app"; sourceTree = BUILT_PRODUCTS_DIR; };
		2BDC69C8202A047200AF39C0 /* AppDelegate.swift */ = {isa = PBXFileReference; lastKnownFileType = sourcecode.swift; path = AppDelegate.swift; sourceTree = "<group>"; };
		2BDC69CA202A047200AF39C0 /* ViewController.swift */ = {isa = PBXFileReference; lastKnownFileType = sourcecode.swift; path = ViewController.swift; sourceTree = "<group>"; };
		2BDC69CD202A047200AF39C0 /* Base */ = {isa = PBXFileReference; lastKnownFileType = file.storyboard; name = Base; path = Base.lproj/Main.storyboard; sourceTree = "<group>"; };
		2BDC69CF202A047200AF39C0 /* Assets.xcassets */ = {isa = PBXFileReference; lastKnownFileType = folder.assetcatalog; path = Assets.xcassets; sourceTree = "<group>"; };
		2BDC69D2202A047200AF39C0 /* Base */ = {isa = PBXFileReference; lastKnownFileType = file.storyboard; name = Base; path = Base.lproj/LaunchScreen.storyboard; sourceTree = "<group>"; };
		2BDC69D4202A047200AF39C0 /* Info.plist */ = {isa = PBXFileReference; lastKnownFileType = text.plist.xml; path = Info.plist; sourceTree = "<group>"; };
		2BDC69DA202A06BD00AF39C0 /* Сities.plist */ = {isa = PBXFileReference; fileEncoding = 4; lastKnownFileType = text.plist.xml; path = "Сities.plist"; sourceTree = "<group>"; };
		2BDC69DC202A09D300AF39C0 /* Lat.plist */ = {isa = PBXFileReference; lastKnownFileType = text.plist.xml; path = Lat.plist; sourceTree = "<group>"; };
		2BDC69DE202A09EA00AF39C0 /* Lon.plist */ = {isa = PBXFileReference; lastKnownFileType = text.plist.xml; path = Lon.plist; sourceTree = "<group>"; };
/* End PBXFileReference section */

/* Begin PBXFrameworksBuildPhase section */
		2BDC69C2202A047200AF39C0 /* Frameworks */ = {
			isa = PBXFrameworksBuildPhase;
			buildActionMask = 2147483647;
			files = (
			);
			runOnlyForDeploymentPostprocessing = 0;
		};
/* End PBXFrameworksBuildPhase section */

/* Begin PBXGroup section */
		2BDC69BC202A047200AF39C0 = {
			isa = PBXGroup;
			children = (
				2BDC69C7202A047200AF39C0 /* Cities map */,
				2BDC69C6202A047200AF39C0 /* Products */,
			);
			sourceTree = "<group>";
		};
		2BDC69C6202A047200AF39C0 /* Products */ = {
			isa = PBXGroup;
			children = (
				2BDC69C5202A047200AF39C0 /* Cities map.app */,
			);
			name = Products;
			sourceTree = "<group>";
		};
		2BDC69C7202A047200AF39C0 /* Cities map */ = {
			isa = PBXGroup;
			children = (
				2BDC69C8202A047200AF39C0 /* AppDelegate.swift */,
				2BDC69CA202A047200AF39C0 /* ViewController.swift */,
				2BDC69CC202A047200AF39C0 /* Main.storyboard */,
				2BDC69CF202A047200AF39C0 /* Assets.xcassets */,
				2BDC69D1202A047200AF39C0 /* LaunchScreen.storyboard */,
				2BDC69D4202A047200AF39C0 /* Info.plist */,
				2BDC69DA202A06BD00AF39C0 /* Сities.plist */,
				2BDC69DC202A09D300AF39C0 /* Lat.plist */,
				2BDC69DE202A09EA00AF39C0 /* Lon.plist */,
			);
			path = "Cities map";
			sourceTree = "<group>";
		};
/* End PBXGroup section */

/* Begin PBXNativeTarget section */
		2BDC69C4202A047200AF39C0 /* Cities map */ = {
			isa = PBXNativeTarget;
			buildConfigurationList = 2BDC69D7202A047200AF39C0 /* Build configuration list for PBXNativeTarget "Cities map" */;
			buildPhases = (
				2BDC69C1202A047200AF39C0 /* Sources */,
				2BDC69C2202A047200AF39C0 /* Frameworks */,
				2BDC69C3202A047200AF39C0 /* Resources */,
			);
			buildRules = (
			);
			dependencies = (
			);
			name = "Cities map";
			productName = "Cities map";
			productReference = 2BDC69C5202A047200AF39C0 /* Cities map.app */;
			productType = "com.apple.product-type.application";
		};
/* End PBXNativeTarget section */

/* Begin PBXProject section */
		2BDC69BD202A047200AF39C0 /* Project object */ = {
			isa = PBXProject;
			attributes = {
				LastSwiftUpdateCheck = 0920;
				LastUpgradeCheck = 0920;
				ORGANIZATIONNAME = "Sergey Nikolaev";
				TargetAttributes = {
					2BDC69C4202A047200AF39C0 = {
						CreatedOnToolsVersion = 9.2;
						ProvisioningStyle = Automatic;
					};
				};
			};
			buildConfigurationList = 2BDC69C0202A047200AF39C0 /* Build configuration list for PBXProject "Cities map" */;
			compatibilityVersion = "Xcode 8.0";
			developmentRegion = en;
			hasScannedForEncodings = 0;
			knownRegions = (
				en,
				Base,
			);
			mainGroup = 2BDC69BC202A047200AF39C0;
			productRefGroup = 2BDC69C6202A047200AF39C0 /* Products */;
			projectDirPath = "";
			projectRoot = "";
			targets = (
				2BDC69C4202A047200AF39C0 /* Cities map */,
			);
		};
/* End PBXProject section */

/* Begin PBXResourcesBuildPhase section */
		2BDC69C3202A047200AF39C0 /* Resources */ = {
			isa = PBXResourcesBuildPhase;
			buildActionMask = 2147483647;
			files = (
				2BDC69D3202A047200AF39C0 /* LaunchScreen.storyboard in Resources */,
				2BDC69DB202A06BD00AF39C0 /* Сities.plist in Resources */,
				2BDC69DF202A09EA00AF39C0 /* Lon.plist in Resources */,
				2BDC69D0202A047200AF39C0 /* Assets.xcassets in Resources */,
				2BDC69DD202A09D300AF39C0 /* Lat.plist in Resources */,
				2BDC69CE202A047200AF39C0 /* Main.storyboard in Resources */,
			);
			runOnlyForDeploymentPostprocessing = 0;
		};
/* End PBXResourcesBuildPhase section */

/* Begin PBXSourcesBuildPhase section */
		2BDC69C1202A047200AF39C0 /* Sources */ = {
			isa = PBXSourcesBuildPhase;
			buildActionMask = 2147483647;
			files = (
				2BDC69CB202A047200AF39C0 /* ViewController.swift in Sources */,
				2BDC69C9202A047200AF39C0 /* AppDelegate.swift in Sources */,
			);
			runOnlyForDeploymentPostprocessing = 0;
		};
/* End PBXSourcesBuildPhase section */

/* Begin PBXVariantGroup section */
		2BDC69CC202A047200AF39C0 /* Main.storyboard */ = {
			isa = PBXVariantGroup;
			children = (
				2BDC69CD202A047200AF39C0 /* Base */,
			);
			name = Main.storyboard;
			sourceTree = "<group>";
		};
		2BDC69D1202A047200AF39C0 /* LaunchScreen.storyboard */ = {
			isa = PBXVariantGroup;
			children = (
				2BDC69D2202A047200AF39C0 /* Base */,
			);
			name = LaunchScreen.storyboard;
			sourceTree = "<group>";
		};
/* End PBXVariantGroup section */

/* Begin XCBuildConfiguration section */
		2BDC69D5202A047200AF39C0 /* Debug */ = {
			isa = XCBuildConfiguration;
			buildSettings = {
				ALWAYS_SEARCH_USER_PATHS = NO;
				CLANG_ANALYZER_NONNULL = YES;
				CLANG_ANALYZER_NUMBER_OBJECT_CONVERSION = YES_AGGRESSIVE;
				CLANG_CXX_LANGUAGE_STANDARD = "gnu++14";
				CLANG_CXX_LIBRARY = "libc++";
				CLANG_ENABLE_MODULES = YES;
				CLANG_ENABLE_OBJC_ARC = YES;
				CLANG_WARN_BLOCK_CAPTURE_AUTORELEASING = YES;
				CLANG_WARN_BOOL_CONVERSION = YES;
				CLANG_WARN_COMMA = YES;
				CLANG_WARN_CONSTANT_CONVERSION = YES;
				CLANG_WARN_DIRECT_OBJC_ISA_USAGE = YES_ERROR;
				CLANG_WARN_DOCUMENTATION_COMMENTS = YES;
				CLANG_WARN_EMPTY_BODY = YES;
				CLANG_WARN_ENUM_CONVERSION = YES;
				CLANG_WARN_INFINITE_RECURSION = YES;
				CLANG_WARN_INT_CONVERSION = YES;
				CLANG_WARN_NON_LITERAL_NULL_CONVERSION = YES;
				CLANG_WARN_OBJC_LITERAL_CONVERSION = YES;
				CLANG_WARN_OBJC_ROOT_CLASS = YES_ERROR;
				CLANG_WARN_RANGE_LOOP_ANALYSIS = YES;
				CLANG_WARN_STRICT_PROTOTYPES = YES;
				CLANG_WARN_SUSPICIOUS_MOVE = YES;
				CLANG_WARN_UNGUARDED_AVAILABILITY = YES_AGGRESSIVE;
				CLANG_WARN_UNREACHABLE_CODE = YES;
				CLANG_WARN__DUPLICATE_METHOD_MATCH = YES;
				CODE_SIGN_IDENTITY = "iPhone Developer";
				COPY_PHASE_STRIP = NO;
				DEBUG_INFORMATION_FORMAT = dwarf;
				ENABLE_STRICT_OBJC_MSGSEND = YES;
				ENABLE_TESTABILITY = YES;
				GCC_C_LANGUAGE_STANDARD = gnu11;
				GCC_DYNAMIC_NO_PIC = NO;
				GCC_NO_COMMON_BLOCKS = YES;
				GCC_OPTIMIZATION_LEVEL = 0;
				GCC_PREPROCESSOR_DEFINITIONS = (
					"DEBUG=1",
					"$(inherited)",
				);
				GCC_WARN_64_TO_32_BIT_CONVERSION = YES;
				GCC_WARN_ABOUT_RETURN_TYPE = YES_ERROR;
				GCC_WARN_UNDECLARED_SELECTOR = YES;
				GCC_WARN_UNINITIALIZED_AUTOS = YES_AGGRESSIVE;
				GCC_WARN_UNUSED_FUNCTION = YES;
				GCC_WARN_UNUSED_VARIABLE = YES;
				IPHONEOS_DEPLOYMENT_TARGET = 11.2;
				MTL_ENABLE_DEBUG_INFO = YES;
				ONLY_ACTIVE_ARCH = YES;
				SDKROOT = iphoneos;
				SWIFT_ACTIVE_COMPILATION_CONDITIONS = DEBUG;
				SWIFT_OPTIMIZATION_LEVEL = "-Onone";
			};
			name = Debug;
		};
		2BDC69D6202A047200AF39C0 /* Release */ = {
			isa = XCBuildConfiguration;
			buildSettings = {
				ALWAYS_SEARCH_USER_PATHS = NO;
				CLANG_ANALYZER_NONNULL = YES;
				CLANG_ANALYZER_NUMBER_OBJECT_CONVERSION = YES_AGGRESSIVE;
				CLANG_CXX_LANGUAGE_STANDARD = "gnu++14";
				CLANG_CXX_LIBRARY = "libc++";
				CLANG_ENABLE_MODULES = YES;
				CLANG_ENABLE_OBJC_ARC = YES;
				CLANG_WARN_BLOCK_CAPTURE_AUTORELEASING = YES;
				CLANG_WARN_BOOL_CONVERSION = YES;
				CLANG_WARN_COMMA = YES;
				CLANG_WARN_CONSTANT_CONVERSION = YES;
				CLANG_WARN_DIRECT_OBJC_ISA_USAGE = YES_ERROR;
				CLANG_WARN_DOCUMENTATION_COMMENTS = YES;
				CLANG_WARN_EMPTY_BODY = YES;
				CLANG_WARN_ENUM_CONVERSION = YES;
				CLANG_WARN_INFINITE_RECURSION = YES;
				CLANG_WARN_INT_CONVERSION = YES;
				CLANG_WARN_NON_LITERAL_NULL_CONVERSION = YES;
				CLANG_WARN_OBJC_LITERAL_CONVERSION = YES;
				CLANG_WARN_OBJC_ROOT_CLASS = YES_ERROR;
				CLANG_WARN_RANGE_LOOP_ANALYSIS = YES;
				CLANG_WARN_STRICT_PROTOTYPES = YES;
				CLANG_WARN_SUSPICIOUS_MOVE = YES;
				CLANG_WARN_UNGUARDED_AVAILABILITY = YES_AGGRESSIVE;
				CLANG_WARN_UNREACHABLE_CODE = YES;
				CLANG_WARN__DUPLICATE_METHOD_MATCH = YES;
				CODE_SIGN_IDENTITY = "iPhone Developer";
				COPY_PHASE_STRIP = NO;
				DEBUG_INFORMATION_FORMAT = "dwarf-with-dsym";
				ENABLE_NS_ASSERTIONS = NO;
				ENABLE_STRICT_OBJC_MSGSEND = YES;
				GCC_C_LANGUAGE_STANDARD = gnu11;
				GCC_NO_COMMON_BLOCKS = YES;
				GCC_WARN_64_TO_32_BIT_CONVERSION = YES;
				GCC_WARN_ABOUT_RETURN_TYPE = YES_ERROR;
				GCC_WARN_UNDECLARED_SELECTOR = YES;
				GCC_WARN_UNINITIALIZED_AUTOS = YES_AGGRESSIVE;
				GCC_WARN_UNUSED_FUNCTION = YES;
				GCC_WARN_UNUSED_VARIABLE = YES;
				IPHONEOS_DEPLOYMENT_TARGET = 11.2;
				MTL_ENABLE_DEBUG_INFO = NO;
				SDKROOT = iphoneos;
				SWIFT_OPTIMIZATION_LEVEL = "-Owholemodule";
				VALIDATE_PRODUCT = YES;
			};
			name = Release;
		};
		2BDC69D8202A047200AF39C0 /* Debug */ = {
			isa = XCBuildConfiguration;
			buildSettings = {
				ASSETCATALOG_COMPILER_APPICON_NAME = AppIcon;
				CODE_SIGN_STYLE = Automatic;
				DEVELOPMENT_TEAM = EGPMYP7334;
				INFOPLIST_FILE = "Cities map/Info.plist";
				LD_RUNPATH_SEARCH_PATHS = "$(inherited) @executable_path/Frameworks";
				PRODUCT_BUNDLE_IDENTIFIER = "com.AppForKids.Cities-map";
				PRODUCT_NAME = "$(TARGET_NAME)";
				SWIFT_VERSION = 4.0;
				TARGETED_DEVICE_FAMILY = "1,2";
			};
			name = Debug;
		};
		2BDC69D9202A047200AF39C0 /* Release */ = {
			isa = XCBuildConfiguration;
			buildSettings = {
				ASSETCATALOG_COMPILER_APPICON_NAME = AppIcon;
				CODE_SIGN_STYLE = Automatic;
				DEVELOPMENT_TEAM = EGPMYP7334;
				INFOPLIST_FILE = "Cities map/Info.plist";
				LD_RUNPATH_SEARCH_PATHS = "$(inherited) @executable_path/Frameworks";
				PRODUCT_BUNDLE_IDENTIFIER = "com.AppForKids.Cities-map";
				PRODUCT_NAME = "$(TARGET_NAME)";
				SWIFT_VERSION = 4.0;
				TARGETED_DEVICE_FAMILY = "1,2";
			};
			name = Release;
		};
/* End XCBuildConfiguration section */

/* Begin XCConfigurationList section */
		2BDC69C0202A047200AF39C0 /* Build configuration list for PBXProject "Cities map" */ = {
			isa = XCConfigurationList;
			buildConfigurations = (
				2BDC69D5202A047200AF39C0 /* Debug */,
				2BDC69D6202A047200AF39C0 /* Release */,
			);
			defaultConfigurationIsVisible = 0;
			defaultConfigurationName = Release;
		};
		2BDC69D7202A047200AF39C0 /* Build configuration list for PBXNativeTarget "Cities map" */ = {
			isa = XCConfigurationList;
			buildConfigurations = (
				2BDC69D8202A047200AF39C0 /* Debug */,
				2BDC69D9202A047200AF39C0 /* Release */,
			);
			defaultConfigurationIsVisible = 0;
			defaultConfigurationName = Release;
		};
/* End XCConfigurationList section */
	};
	rootObject = 2BDC69BD202A047200AF39C0 /* Project object */;
}
